
Microsoft Visual Studio Solution File, Format Version 12.00
# Visual Studio 15
VisualStudioVersion = 15.0.28307.168
MinimumVisualStudioVersion = 10.0.40219.1
Project("{2150E333-8FDC-42A3-9474-1A3956D46DE8}") = "Hosts", "Hosts", "{C39FFF9D-BC3F-4B47-ABE1-881A83AF600C}"
EndProject
Project("{9A19103F-16F7-4668-BE54-9A1E7A4F7556}") = "NGP.WebApi", "Hosts\NGP.WebApi\NGP.WebApi.csproj", "{EB464026-555F-4DB0-A653-BE1200D18F1C}"
EndProject
Project("{9A19103F-16F7-4668-BE54-9A1E7A4F7556}") = "NGP.ServiceHost", "Hosts\NGP.ServiceHost\NGP.ServiceHost.csproj", "{A6B87C70-B6A6-4217-B192-D6B67F70FC0F}"
EndProject
Project("{2150E333-8FDC-42A3-9474-1A3956D46DE8}") = "Foundations", "Foundations", "{A329FB0B-3F98-4D46-9087-BED3FC9DE1FD}"
EndProject
Project("{2150E333-8FDC-42A3-9474-1A3956D46DE8}") = "Frameworks", "Frameworks", "{A3E285E0-EF36-45C0-B6B4-9AA44489FC4B}"
EndProject
Project("{2150E333-8FDC-42A3-9474-1A3956D46DE8}") = "Middlewares", "Middlewares", "{B0B9AC40-1E2E-466B-976B-E6F8F5F9E223}"
EndProject
Project("{2150E333-8FDC-42A3-9474-1A3956D46DE8}") = "Plugins", "Plugins", "{6A5AA61B-8BDD-42C7-90DC-AB01EFEDC137}"
EndProject
Project("{9A19103F-16F7-4668-BE54-9A1E7A4F7556}") = "NGP.Framework.Core", "Frameworks\NGP.Framework.Core\NGP.Framework.Core.csproj", "{09CDA2D1-0FEB-48C5-A30E-DBC95B94B785}"
EndProject
Project("{9A19103F-16F7-4668-BE54-9A1E7A4F7556}") = "NGP.Framework.WebApi.Core", "Frameworks\NGP.Framework.WebApi.Core\NGP.Framework.WebApi.Core.csproj", "{06B5B147-DA6A-4CC6-B39E-AB8D34E0E13D}"
EndProject
Project("{9A19103F-16F7-4668-BE54-9A1E7A4F7556}") = "NGP.Framework.DataAccess", "Frameworks\NGP.Framework.DataAccess\NGP.Framework.DataAccess.csproj", "{3FF3D369-7EDA-4420-89F2-E0E6E7FA1CC7}"
EndProject
Project("{9A19103F-16F7-4668-BE54-9A1E7A4F7556}") = "NGP.Foundation.Resources", "Frameworks\NGP.Foundation.Resources\NGP.Foundation.Resources.csproj", "{993EDEFC-C452-4913-8CA5-02CF9B32C278}"
EndProject
Project("{9A19103F-16F7-4668-BE54-9A1E7A4F7556}") = "NGP.Framework.DependencyInjection", "Frameworks\NGP.Framework.DependencyInjection\NGP.Framework.DependencyInjection.csproj", "{4E9E3104-B899-4BC2-91E3-083A5885E53C}"
EndProject
Project("{9A19103F-16F7-4668-BE54-9A1E7A4F7556}") = "NGP.Foundation.Service", "Foundations\NGP.Foundation.Service\NGP.Foundation.Service.csproj", "{810A13DC-AEF8-4D3F-91D5-D2AE38932CC3}"
EndProject
Project("{9A19103F-16F7-4668-BE54-9A1E7A4F7556}") = "NGP.Foundation.Identity", "Foundations\NGP.Foundation.Identity\NGP.Foundation.Identity.csproj", "{E3DE67BB-823C-418D-BE14-2FBC704807EE}"
EndProject
Project("{FAE04EC0-301F-11D3-BF4B-00C04F79EFBC}") = "NGP.Middleware.MessageQueue", "Middlewares\NGP.Middleware.MessageQueue\NGP.Middleware.MessageQueue.csproj", "{F8F59BC1-649A-422B-BCBF-2062062A17B1}"
EndProject
Project("{FAE04EC0-301F-11D3-BF4B-00C04F79EFBC}") = "NGP.Middleware.TaskWrapper", "Middlewares\NGP.Middleware.TaskWrapper\NGP.Middleware.TaskWrapper.csproj", "{B9FDF9A2-46A8-416D-B54C-A9EC8E2E8F78}"
EndProject
Global
	GlobalSection(SolutionConfigurationPlatforms) = preSolution
		Debug|Any CPU = Debug|Any CPU
		Release|Any CPU = Release|Any CPU
	EndGlobalSection
	GlobalSection(ProjectConfigurationPlatforms) = postSolution
		{EB464026-555F-4DB0-A653-BE1200D18F1C}.Debug|Any CPU.ActiveCfg = Debug|Any CPU
		{EB464026-555F-4DB0-A653-BE1200D18F1C}.Debug|Any CPU.Build.0 = Debug|Any CPU
		{EB464026-555F-4DB0-A653-BE1200D18F1C}.Release|Any CPU.ActiveCfg = Release|Any CPU
		{EB464026-555F-4DB0-A653-BE1200D18F1C}.Release|Any CPU.Build.0 = Release|Any CPU
		{A6B87C70-B6A6-4217-B192-D6B67F70FC0F}.Debug|Any CPU.ActiveCfg = Debug|Any CPU
		{A6B87C70-B6A6-4217-B192-D6B67F70FC0F}.Debug|Any CPU.Build.0 = Debug|Any CPU
		{A6B87C70-B6A6-4217-B192-D6B67F70FC0F}.Release|Any CPU.ActiveCfg = Release|Any CPU
		{A6B87C70-B6A6-4217-B192-D6B67F70FC0F}.Release|Any CPU.Build.0 = Release|Any CPU
		{09CDA2D1-0FEB-48C5-A30E-DBC95B94B785}.Debug|Any CPU.ActiveCfg = Debug|Any CPU
		{09CDA2D1-0FEB-48C5-A30E-DBC95B94B785}.Debug|Any CPU.Build.0 = Debug|Any CPU
		{09CDA2D1-0FEB-48C5-A30E-DBC95B94B785}.Release|Any CPU.ActiveCfg = Release|Any CPU
		{09CDA2D1-0FEB-48C5-A30E-DBC95B94B785}.Release|Any CPU.Build.0 = Release|Any CPU
		{06B5B147-DA6A-4CC6-B39E-AB8D34E0E13D}.Debug|Any CPU.ActiveCfg = Debug|Any CPU
		{06B5B147-DA6A-4CC6-B39E-AB8D34E0E13D}.Debug|Any CPU.Build.0 = Debug|Any CPU
		{06B5B147-DA6A-4CC6-B39E-AB8D34E0E13D}.Release|Any CPU.ActiveCfg = Release|Any CPU
		{06B5B147-DA6A-4CC6-B39E-AB8D34E0E13D}.Release|Any CPU.Build.0 = Release|Any CPU
		{3FF3D369-7EDA-4420-89F2-E0E6E7FA1CC7}.Debug|Any CPU.ActiveCfg = Debug|Any CPU
		{3FF3D369-7EDA-4420-89F2-E0E6E7FA1CC7}.Debug|Any CPU.Build.0 = Debug|Any CPU
		{3FF3D369-7EDA-4420-89F2-E0E6E7FA1CC7}.Release|Any CPU.ActiveCfg = Release|Any CPU
		{3FF3D369-7EDA-4420-89F2-E0E6E7FA1CC7}.Release|Any CPU.Build.0 = Release|Any CPU
		{993EDEFC-C452-4913-8CA5-02CF9B32C278}.Debug|Any CPU.ActiveCfg = Debug|Any CPU
		{993EDEFC-C452-4913-8CA5-02CF9B32C278}.Debug|Any CPU.Build.0 = Debug|Any CPU
		{993EDEFC-C452-4913-8CA5-02CF9B32C278}.Release|Any CPU.ActiveCfg = Release|Any CPU
		{993EDEFC-C452-4913-8CA5-02CF9B32C278}.Release|Any CPU.Build.0 = Release|Any CPU
		{4E9E3104-B899-4BC2-91E3-083A5885E53C}.Debug|Any CPU.ActiveCfg = Debug|Any CPU
		{4E9E3104-B899-4BC2-91E3-083A5885E53C}.Debug|Any CPU.Build.0 = Debug|Any CPU
		{4E9E3104-B899-4BC2-91E3-083A5885E53C}.Release|Any CPU.ActiveCfg = Release|Any CPU
		{4E9E3104-B899-4BC2-91E3-083A5885E53C}.Release|Any CPU.Build.0 = Release|Any CPU
		{810A13DC-AEF8-4D3F-91D5-D2AE38932CC3}.Debug|Any CPU.ActiveCfg = Debug|Any CPU
		{810A13DC-AEF8-4D3F-91D5-D2AE38932CC3}.Debug|Any CPU.Build.0 = Debug|Any CPU
		{810A13DC-AEF8-4D3F-91D5-D2AE38932CC3}.Release|Any CPU.ActiveCfg = Release|Any CPU
		{810A13DC-AEF8-4D3F-91D5-D2AE38932CC3}.Release|Any CPU.Build.0 = Release|Any CPU
		{E3DE67BB-823C-418D-BE14-2FBC704807EE}.Debug|Any CPU.ActiveCfg = Debug|Any CPU
		{E3DE67BB-823C-418D-BE14-2FBC704807EE}.Debug|Any CPU.Build.0 = Debug|Any CPU
		{E3DE67BB-823C-418D-BE14-2FBC704807EE}.Release|Any CPU.ActiveCfg = Release|Any CPU
		{E3DE67BB-823C-418D-BE14-2FBC704807EE}.Release|Any CPU.Build.0 = Release|Any CPU
		{F8F59BC1-649A-422B-BCBF-2062062A17B1}.Debug|Any CPU.ActiveCfg = Debug|Any CPU
		{F8F59BC1-649A-422B-BCBF-2062062A17B1}.Debug|Any CPU.Build.0 = Debug|Any CPU
		{F8F59BC1-649A-422B-BCBF-2062062A17B1}.Release|Any CPU.ActiveCfg = Release|Any CPU
		{F8F59BC1-649A-422B-BCBF-2062062A17B1}.Release|Any CPU.Build.0 = Release|Any CPU
		{B9FDF9A2-46A8-416D-B54C-A9EC8E2E8F78}.Debug|Any CPU.ActiveCfg = Debug|Any CPU
		{B9FDF9A2-46A8-416D-B54C-A9EC8E2E8F78}.Debug|Any CPU.Build.0 = Debug|Any CPU
		{B9FDF9A2-46A8-416D-B54C-A9EC8E2E8F78}.Release|Any CPU.ActiveCfg = Release|Any CPU
		{B9FDF9A2-46A8-416D-B54C-A9EC8E2E8F78}.Release|Any CPU.Build.0 = Release|Any CPU
	EndGlobalSection
	GlobalSection(SolutionProperties) = preSolution
		HideSolutionNode = FALSE
	EndGlobalSection
	GlobalSection(NestedProjects) = preSolution
		{EB464026-555F-4DB0-A653-BE1200D18F1C} = {C39FFF9D-BC3F-4B47-ABE1-881A83AF600C}
		{A6B87C70-B6A6-4217-B192-D6B67F70FC0F} = {C39FFF9D-BC3F-4B47-ABE1-881A83AF600C}
		{09CDA2D1-0FEB-48C5-A30E-DBC95B94B785} = {A3E285E0-EF36-45C0-B6B4-9AA44489FC4B}
		{06B5B147-DA6A-4CC6-B39E-AB8D34E0E13D} = {A3E285E0-EF36-45C0-B6B4-9AA44489FC4B}
		{3FF3D369-7EDA-4420-89F2-E0E6E7FA1CC7} = {A3E285E0-EF36-45C0-B6B4-9AA44489FC4B}
		{993EDEFC-C452-4913-8CA5-02CF9B32C278} = {A3E285E0-EF36-45C0-B6B4-9AA44489FC4B}
		{4E9E3104-B899-4BC2-91E3-083A5885E53C} = {A3E285E0-EF36-45C0-B6B4-9AA44489FC4B}
		{810A13DC-AEF8-4D3F-91D5-D2AE38932CC3} = {A329FB0B-3F98-4D46-9087-BED3FC9DE1FD}
		{E3DE67BB-823C-418D-BE14-2FBC704807EE} = {A329FB0B-3F98-4D46-9087-BED3FC9DE1FD}
		{F8F59BC1-649A-422B-BCBF-2062062A17B1} = {B0B9AC40-1E2E-466B-976B-E6F8F5F9E223}
		{B9FDF9A2-46A8-416D-B54C-A9EC8E2E8F78} = {B0B9AC40-1E2E-466B-976B-E6F8F5F9E223}
	EndGlobalSection
	GlobalSection(ExtensibilityGlobals) = postSolution
		SolutionGuid = {8B291264-3401-47DE-B70F-EBBBAB794AB1}
	EndGlobalSection
EndGlobal
